
Microsoft Visual Studio Solution File, Format Version 12.00
# Visual Studio Version 16
VisualStudioVersion = 16.0.30413.136
MinimumVisualStudioVersion = 10.0.40219.1
Project("{FAE04EC0-301F-11D3-BF4B-00C04F79EFBC}") = "MinuVorm", "MinuVorm.csproj", "{4CE78431-8BE4-4ED5-99D1-1AA7E32FB8CF}"
EndProject
Global
	GlobalSection(SolutionConfigurationPlatforms) = preSolution
		Debug|Any CPU = Debug|Any CPU
		Release|Any CPU = Release|Any CPU
	EndGlobalSection
	GlobalSection(ProjectConfigurationPlatforms) = postSolution
		{4CE78431-8BE4-4ED5-99D1-1AA7E32FB8CF}.Debug|Any CPU.ActiveCfg = Debug|Any CPU
		{4CE78431-8BE4-4ED5-99D1-1AA7E32FB8CF}.Debug|Any CPU.Build.0 = Debug|Any CPU
		{4CE78431-8BE4-4ED5-99D1-1AA7E32FB8CF}.Release|Any CPU.ActiveCfg = Release|Any CPU
		{4CE78431-8BE4-4ED5-99D1-1AA7E32FB8CF}.Release|Any CPU.Build.0 = Release|Any CPU
	EndGlobalSection
	GlobalSection(SolutionProperties) = preSolution
		HideSolutionNode = FALSE
	EndGlobalSection
	GlobalSection(ExtensibilityGlobals) = postSolution
		SolutionGuid = {B0172681-34A1-44C1-A9C7-0FBF7684139F}
	EndGlobalSection
EndGlobal
